
Microsoft Visual Studio Solution File, Format Version 12.00
# Visual Studio Version 17
VisualStudioVersion = 17.0.32126.317
MinimumVisualStudioVersion = 10.0.40219.1
Project("{8BC9CEB8-8B4A-11D0-8D11-00A0C91BC942}") = "laba1", "laba1\laba1.vcxproj", "{0DA59715-7972-4C93-A5B3-F47338BE0B71}"
EndProject
Global
	GlobalSection(SolutionConfigurationPlatforms) = preSolution
		Debug|x64 = Debug|x64
		Debug|x86 = Debug|x86
		Release|x64 = Release|x64
		Release|x86 = Release|x86
	EndGlobalSection
	GlobalSection(ProjectConfigurationPlatforms) = postSolution
		{0DA59715-7972-4C93-A5B3-F47338BE0B71}.Debug|x64.ActiveCfg = Debug|x64
		{0DA59715-7972-4C93-A5B3-F47338BE0B71}.Debug|x64.Build.0 = Debug|x64
		{0DA59715-7972-4C93-A5B3-F47338BE0B71}.Debug|x86.ActiveCfg = Debug|Win32
		{0DA59715-7972-4C93-A5B3-F47338BE0B71}.Debug|x86.Build.0 = Debug|Win32
		{0DA59715-7972-4C93-A5B3-F47338BE0B71}.Release|x64.ActiveCfg = Release|x64
		{0DA59715-7972-4C93-A5B3-F47338BE0B71}.Release|x64.Build.0 = Release|x64
		{0DA59715-7972-4C93-A5B3-F47338BE0B71}.Release|x86.ActiveCfg = Release|Win32
		{0DA59715-7972-4C93-A5B3-F47338BE0B71}.Release|x86.Build.0 = Release|Win32
	EndGlobalSection
	GlobalSection(SolutionProperties) = preSolution
		HideSolutionNode = FALSE
	EndGlobalSection
	GlobalSection(ExtensibilityGlobals) = postSolution
		SolutionGuid = {05D2A7CF-79F1-4EC5-9A28-6A65F0378881}
	EndGlobalSection
EndGlobal
